
Microsoft Visual Studio Solution File, Format Version 12.00
Project("{FAE04EC0-301F-11D3-BF4B-00C04F79EFBC}") = "FiveLetterWordCSharp", "FiveLetterWordCSharp\FiveLetterWordCSharp.csproj", "{6FBFB65E-FEF0-4AB6-8304-5871D63A88DA}"
EndProject
Global
	GlobalSection(SolutionConfigurationPlatforms) = preSolution
		Debug|Any CPU = Debug|Any CPU
		Release|Any CPU = Release|Any CPU
	EndGlobalSection
	GlobalSection(ProjectConfigurationPlatforms) = postSolution
		{6FBFB65E-FEF0-4AB6-8304-5871D63A88DA}.Debug|Any CPU.ActiveCfg = Debug|Any CPU
		{6FBFB65E-FEF0-4AB6-8304-5871D63A88DA}.Debug|Any CPU.Build.0 = Debug|Any CPU
		{6FBFB65E-FEF0-4AB6-8304-5871D63A88DA}.Release|Any CPU.ActiveCfg = Release|Any CPU
		{6FBFB65E-FEF0-4AB6-8304-5871D63A88DA}.Release|Any CPU.Build.0 = Release|Any CPU
	EndGlobalSection
EndGlobal
